// !$*UTF8*$!
{
	archiveVersion = 1;
	classes = {
	};
	objectVersion = 46;
	objects = {

/* Begin PBXBuildFile section */
		481BFC6F1A518787001BA863 /* TransitionView.m in Sources */ = {isa = PBXBuildFile; fileRef = 481BFC6E1A518787001BA863 /* TransitionView.m */; };
		481BFC751A5192D7001BA863 /* StateObserver.m in Sources */ = {isa = PBXBuildFile; fileRef = 481BFC741A5192D7001BA863 /* StateObserver.m */; };
		481BFC781A519988001BA863 /* StateMachineComponentView.m in Sources */ = {isa = PBXBuildFile; fileRef = 481BFC771A519988001BA863 /* StateMachineComponentView.m */; };
		486354BA1A5609B7004731EA /* TextInputAlertView.m in Sources */ = {isa = PBXBuildFile; fileRef = 486354B91A5609B7004731EA /* TextInputAlertView.m */; };
		4873CCFF1A55EE6D00777908 /* SavedStateMachinesTableViewController.m in Sources */ = {isa = PBXBuildFile; fileRef = 4873CCFE1A55EE6D00777908 /* SavedStateMachinesTableViewController.m */; };
		4873CD031A55EEDD00777908 /* StateMachineArchiver.m in Sources */ = {isa = PBXBuildFile; fileRef = 4873CD021A55EEDD00777908 /* StateMachineArchiver.m */; };
		4873CD061A55F32200777908 /* StateMachine.m in Sources */ = {isa = PBXBuildFile; fileRef = 4873CD051A55F32200777908 /* StateMachine.m */; };
		4873CD091A55F3D600777908 /* UniqueIDModel.m in Sources */ = {isa = PBXBuildFile; fileRef = 4873CD081A55F3D600777908 /* UniqueIDModel.m */; };
		4873CD0C1A55F70200777908 /* StateManager.m in Sources */ = {isa = PBXBuildFile; fileRef = 4873CD0B1A55F70200777908 /* StateManager.m */; };
		4873CD0F1A55F71100777908 /* StateMachineManager.m in Sources */ = {isa = PBXBuildFile; fileRef = 4873CD0E1A55F71100777908 /* StateMachineManager.m */; };
		489ADD471A54B7A900CB3096 /* SMBubbleMenuButton.m in Sources */ = {isa = PBXBuildFile; fileRef = 489ADD461A54B7A900CB3096 /* SMBubbleMenuButton.m */; };
		48D34B751A5092550006C54B /* main.m in Sources */ = {isa = PBXBuildFile; fileRef = 48D34B741A5092550006C54B /* main.m */; };
		48D34B781A5092550006C54B /* AppDelegate.m in Sources */ = {isa = PBXBuildFile; fileRef = 48D34B771A5092550006C54B /* AppDelegate.m */; };
		48D34B7B1A5092550006C54B /* ViewController.m in Sources */ = {isa = PBXBuildFile; fileRef = 48D34B7A1A5092550006C54B /* ViewController.m */; };
		48D34B7E1A5092550006C54B /* Main.storyboard in Resources */ = {isa = PBXBuildFile; fileRef = 48D34B7C1A5092550006C54B /* Main.storyboard */; };
		48D34B801A5092550006C54B /* Images.xcassets in Resources */ = {isa = PBXBuildFile; fileRef = 48D34B7F1A5092550006C54B /* Images.xcassets */; };
		48D34B831A5092550006C54B /* LaunchScreen.xib in Resources */ = {isa = PBXBuildFile; fileRef = 48D34B811A5092550006C54B /* LaunchScreen.xib */; };
		48D34B8F1A5092550006C54B /* StateMachineDrawerTests.m in Sources */ = {isa = PBXBuildFile; fileRef = 48D34B8E1A5092550006C54B /* StateMachineDrawerTests.m */; };
		48D34B9A1A5093B60006C54B /* State.m in Sources */ = {isa = PBXBuildFile; fileRef = 48D34B991A5093B60006C54B /* State.m */; };
		48D34B9D1A50941E0006C54B /* Transition.m in Sources */ = {isa = PBXBuildFile; fileRef = 48D34B9C1A50941E0006C54B /* Transition.m */; };
		48D34BA01A509CF90006C54B /* UniqueIDModelManager.m in Sources */ = {isa = PBXBuildFile; fileRef = 48D34B9F1A509CF90006C54B /* UniqueIDModelManager.m */; };
		48D34BA31A50A27D0006C54B /* StateView.m in Sources */ = {isa = PBXBuildFile; fileRef = 48D34BA21A50A27D0006C54B /* StateView.m */; };
		6CD3E6214CB9C792EB9A5E99 /* libPods.a in Frameworks */ = {isa = PBXBuildFile; fileRef = F34E104BB239B02E5FDD31A1 /* libPods.a */; };
/* End PBXBuildFile section */

/* Begin PBXContainerItemProxy section */
		48D34B891A5092550006C54B /* PBXContainerItemProxy */ = {
			isa = PBXContainerItemProxy;
			containerPortal = 48D34B671A5092550006C54B /* Project object */;
			proxyType = 1;
			remoteGlobalIDString = 48D34B6E1A5092550006C54B;
			remoteInfo = StateMachineDrawer;
		};
/* End PBXContainerItemProxy section */

/* Begin PBXFileReference section */
		481BFC6D1A518787001BA863 /* TransitionView.h */ = {isa = PBXFileReference; fileEncoding = 4; lastKnownFileType = sourcecode.c.h; path = TransitionView.h; sourceTree = "<group>"; };
		481BFC6E1A518787001BA863 /* TransitionView.m */ = {isa = PBXFileReference; fileEncoding = 4; lastKnownFileType = sourcecode.c.objc; path = TransitionView.m; sourceTree = "<group>"; };
		481BFC731A5192D7001BA863 /* StateObserver.h */ = {isa = PBXFileReference; fileEncoding = 4; lastKnownFileType = sourcecode.c.h; path = StateObserver.h; sourceTree = "<group>"; };
		481BFC741A5192D7001BA863 /* StateObserver.m */ = {isa = PBXFileReference; fileEncoding = 4; lastKnownFileType = sourcecode.c.objc; path = StateObserver.m; sourceTree = "<group>"; };
		481BFC761A519988001BA863 /* StateMachineComponentView.h */ = {isa = PBXFileReference; fileEncoding = 4; lastKnownFileType = sourcecode.c.h; path = StateMachineComponentView.h; sourceTree = "<group>"; };
		481BFC771A519988001BA863 /* StateMachineComponentView.m */ = {isa = PBXFileReference; fileEncoding = 4; lastKnownFileType = sourcecode.c.objc; path = StateMachineComponentView.m; sourceTree = "<group>"; };
		486354B81A5609B7004731EA /* TextInputAlertView.h */ = {isa = PBXFileReference; fileEncoding = 4; lastKnownFileType = sourcecode.c.h; path = TextInputAlertView.h; sourceTree = "<group>"; };
		486354B91A5609B7004731EA /* TextInputAlertView.m */ = {isa = PBXFileReference; fileEncoding = 4; lastKnownFileType = sourcecode.c.objc; path = TextInputAlertView.m; sourceTree = "<group>"; };
		4873CCFD1A55EE6D00777908 /* SavedStateMachinesTableViewController.h */ = {isa = PBXFileReference; fileEncoding = 4; lastKnownFileType = sourcecode.c.h; path = SavedStateMachinesTableViewController.h; sourceTree = "<group>"; };
		4873CCFE1A55EE6D00777908 /* SavedStateMachinesTableViewController.m */ = {isa = PBXFileReference; fileEncoding = 4; lastKnownFileType = sourcecode.c.objc; path = SavedStateMachinesTableViewController.m; sourceTree = "<group>"; };
		4873CD011A55EEDD00777908 /* StateMachineArchiver.h */ = {isa = PBXFileReference; fileEncoding = 4; lastKnownFileType = sourcecode.c.h; path = StateMachineArchiver.h; sourceTree = "<group>"; };
		4873CD021A55EEDD00777908 /* StateMachineArchiver.m */ = {isa = PBXFileReference; fileEncoding = 4; lastKnownFileType = sourcecode.c.objc; path = StateMachineArchiver.m; sourceTree = "<group>"; };
		4873CD041A55F32200777908 /* StateMachine.h */ = {isa = PBXFileReference; fileEncoding = 4; lastKnownFileType = sourcecode.c.h; path = StateMachine.h; sourceTree = "<group>"; };
		4873CD051A55F32200777908 /* StateMachine.m */ = {isa = PBXFileReference; fileEncoding = 4; lastKnownFileType = sourcecode.c.objc; path = StateMachine.m; sourceTree = "<group>"; };
		4873CD071A55F3D600777908 /* UniqueIDModel.h */ = {isa = PBXFileReference; fileEncoding = 4; lastKnownFileType = sourcecode.c.h; path = UniqueIDModel.h; sourceTree = "<group>"; };
		4873CD081A55F3D600777908 /* UniqueIDModel.m */ = {isa = PBXFileReference; fileEncoding = 4; lastKnownFileType = sourcecode.c.objc; path = UniqueIDModel.m; sourceTree = "<group>"; };
		4873CD0A1A55F70200777908 /* StateManager.h */ = {isa = PBXFileReference; fileEncoding = 4; lastKnownFileType = sourcecode.c.h; path = StateManager.h; sourceTree = "<group>"; };
		4873CD0B1A55F70200777908 /* StateManager.m */ = {isa = PBXFileReference; fileEncoding = 4; lastKnownFileType = sourcecode.c.objc; path = StateManager.m; sourceTree = "<group>"; };
		4873CD0D1A55F71100777908 /* StateMachineManager.h */ = {isa = PBXFileReference; fileEncoding = 4; lastKnownFileType = sourcecode.c.h; path = StateMachineManager.h; sourceTree = "<group>"; };
		4873CD0E1A55F71100777908 /* StateMachineManager.m */ = {isa = PBXFileReference; fileEncoding = 4; lastKnownFileType = sourcecode.c.objc; path = StateMachineManager.m; sourceTree = "<group>"; };
		4873CD101A55F8AF00777908 /* UniqueIDModelManagerProtocol.h */ = {isa = PBXFileReference; fileEncoding = 4; lastKnownFileType = sourcecode.c.h; path = UniqueIDModelManagerProtocol.h; sourceTree = "<group>"; };
		489ADD451A54B7A900CB3096 /* SMBubbleMenuButton.h */ = {isa = PBXFileReference; fileEncoding = 4; lastKnownFileType = sourcecode.c.h; path = SMBubbleMenuButton.h; sourceTree = "<group>"; };
		489ADD461A54B7A900CB3096 /* SMBubbleMenuButton.m */ = {isa = PBXFileReference; fileEncoding = 4; lastKnownFileType = sourcecode.c.objc; path = SMBubbleMenuButton.m; sourceTree = "<group>"; };
		48D34B6F1A5092550006C54B /* StateMachineDrawer.app */ = {isa = PBXFileReference; explicitFileType = wrapper.application; includeInIndex = 0; path = StateMachineDrawer.app; sourceTree = BUILT_PRODUCTS_DIR; };
		48D34B731A5092550006C54B /* Info.plist */ = {isa = PBXFileReference; lastKnownFileType = text.plist.xml; path = Info.plist; sourceTree = "<group>"; };
		48D34B741A5092550006C54B /* main.m */ = {isa = PBXFileReference; lastKnownFileType = sourcecode.c.objc; path = main.m; sourceTree = "<group>"; };
		48D34B761A5092550006C54B /* AppDelegate.h */ = {isa = PBXFileReference; lastKnownFileType = sourcecode.c.h; path = AppDelegate.h; sourceTree = "<group>"; };
		48D34B771A5092550006C54B /* AppDelegate.m */ = {isa = PBXFileReference; lastKnownFileType = sourcecode.c.objc; path = AppDelegate.m; sourceTree = "<group>"; };
		48D34B791A5092550006C54B /* ViewController.h */ = {isa = PBXFileReference; lastKnownFileType = sourcecode.c.h; path = ViewController.h; sourceTree = "<group>"; };
		48D34B7A1A5092550006C54B /* ViewController.m */ = {isa = PBXFileReference; lastKnownFileType = sourcecode.c.objc; path = ViewController.m; sourceTree = "<group>"; };
		48D34B7D1A5092550006C54B /* Base */ = {isa = PBXFileReference; lastKnownFileType = file.storyboard; name = Base; path = Base.lproj/Main.storyboard; sourceTree = "<group>"; };
		48D34B7F1A5092550006C54B /* Images.xcassets */ = {isa = PBXFileReference; lastKnownFileType = folder.assetcatalog; path = Images.xcassets; sourceTree = "<group>"; };
		48D34B821A5092550006C54B /* Base */ = {isa = PBXFileReference; lastKnownFileType = file.xib; name = Base; path = Base.lproj/LaunchScreen.xib; sourceTree = "<group>"; };
		48D34B881A5092550006C54B /* StateMachineDrawerTests.xctest */ = {isa = PBXFileReference; explicitFileType = wrapper.cfbundle; includeInIndex = 0; path = StateMachineDrawerTests.xctest; sourceTree = BUILT_PRODUCTS_DIR; };
		48D34B8D1A5092550006C54B /* Info.plist */ = {isa = PBXFileReference; lastKnownFileType = text.plist.xml; path = Info.plist; sourceTree = "<group>"; };
		48D34B8E1A5092550006C54B /* StateMachineDrawerTests.m */ = {isa = PBXFileReference; lastKnownFileType = sourcecode.c.objc; path = StateMachineDrawerTests.m; sourceTree = "<group>"; };
		48D34B981A5093B60006C54B /* State.h */ = {isa = PBXFileReference; fileEncoding = 4; lastKnownFileType = sourcecode.c.h; path = State.h; sourceTree = "<group>"; };
		48D34B991A5093B60006C54B /* State.m */ = {isa = PBXFileReference; fileEncoding = 4; lastKnownFileType = sourcecode.c.objc; path = State.m; sourceTree = "<group>"; };
		48D34B9B1A50941E0006C54B /* Transition.h */ = {isa = PBXFileReference; fileEncoding = 4; lastKnownFileType = sourcecode.c.h; path = Transition.h; sourceTree = "<group>"; };
		48D34B9C1A50941E0006C54B /* Transition.m */ = {isa = PBXFileReference; fileEncoding = 4; lastKnownFileType = sourcecode.c.objc; path = Transition.m; sourceTree = "<group>"; };
		48D34B9E1A509CF90006C54B /* UniqueIDModelManager.h */ = {isa = PBXFileReference; fileEncoding = 4; lastKnownFileType = sourcecode.c.h; path = UniqueIDModelManager.h; sourceTree = "<group>"; };
		48D34B9F1A509CF90006C54B /* UniqueIDModelManager.m */ = {isa = PBXFileReference; fileEncoding = 4; lastKnownFileType = sourcecode.c.objc; path = UniqueIDModelManager.m; sourceTree = "<group>"; };
		48D34BA11A50A27D0006C54B /* StateView.h */ = {isa = PBXFileReference; fileEncoding = 4; lastKnownFileType = sourcecode.c.h; path = StateView.h; sourceTree = "<group>"; };
		48D34BA21A50A27D0006C54B /* StateView.m */ = {isa = PBXFileReference; fileEncoding = 4; lastKnownFileType = sourcecode.c.objc; path = StateView.m; sourceTree = "<group>"; };
		48D527861A54A2CE00789B6F /* SMGlobals.h */ = {isa = PBXFileReference; lastKnownFileType = sourcecode.c.h; path = SMGlobals.h; sourceTree = "<group>"; };
		76DE1E87AC5C244340E626A7 /* Pods.release.xcconfig */ = {isa = PBXFileReference; includeInIndex = 1; lastKnownFileType = text.xcconfig; name = Pods.release.xcconfig; path = "Pods/Target Support Files/Pods/Pods.release.xcconfig"; sourceTree = "<group>"; };
		F34E104BB239B02E5FDD31A1 /* libPods.a */ = {isa = PBXFileReference; explicitFileType = archive.ar; includeInIndex = 0; path = libPods.a; sourceTree = BUILT_PRODUCTS_DIR; };
		FA4912F80F94D8956276D693 /* Pods.debug.xcconfig */ = {isa = PBXFileReference; includeInIndex = 1; lastKnownFileType = text.xcconfig; name = Pods.debug.xcconfig; path = "Pods/Target Support Files/Pods/Pods.debug.xcconfig"; sourceTree = "<group>"; };
/* End PBXFileReference section */

/* Begin PBXFrameworksBuildPhase section */
		48D34B6C1A5092550006C54B /* Frameworks */ = {
			isa = PBXFrameworksBuildPhase;
			buildActionMask = 2147483647;
			files = (
				6CD3E6214CB9C792EB9A5E99 /* libPods.a in Frameworks */,
			);
			runOnlyForDeploymentPostprocessing = 0;
		};
		48D34B851A5092550006C54B /* Frameworks */ = {
			isa = PBXFrameworksBuildPhase;
			buildActionMask = 2147483647;
			files = (
			);
			runOnlyForDeploymentPostprocessing = 0;
		};
/* End PBXFrameworksBuildPhase section */

/* Begin PBXGroup section */
		481BFC791A519A0A001BA863 /* Views */ = {
			isa = PBXGroup;
			children = (
				481BFC7A1A519A14001BA863 /* ComponentViews */,
				489ADD451A54B7A900CB3096 /* SMBubbleMenuButton.h */,
				489ADD461A54B7A900CB3096 /* SMBubbleMenuButton.m */,
				486354B81A5609B7004731EA /* TextInputAlertView.h */,
				486354B91A5609B7004731EA /* TextInputAlertView.m */,
			);
			name = Views;
			sourceTree = "<group>";
		};
		481BFC7A1A519A14001BA863 /* ComponentViews */ = {
			isa = PBXGroup;
			children = (
				481BFC761A519988001BA863 /* StateMachineComponentView.h */,
				481BFC771A519988001BA863 /* StateMachineComponentView.m */,
				48D34BA11A50A27D0006C54B /* StateView.h */,
				48D34BA21A50A27D0006C54B /* StateView.m */,
				481BFC6D1A518787001BA863 /* TransitionView.h */,
				481BFC6E1A518787001BA863 /* TransitionView.m */,
			);
			name = ComponentViews;
			sourceTree = "<group>";
		};
		481BFC7B1A519A21001BA863 /* Logic */ = {
			isa = PBXGroup;
			children = (
				48D34B9E1A509CF90006C54B /* UniqueIDModelManager.h */,
				48D34B9F1A509CF90006C54B /* UniqueIDModelManager.m */,
				4873CD0A1A55F70200777908 /* StateManager.h */,
				4873CD0B1A55F70200777908 /* StateManager.m */,
				4873CD0D1A55F71100777908 /* StateMachineManager.h */,
				4873CD0E1A55F71100777908 /* StateMachineManager.m */,
				481BFC731A5192D7001BA863 /* StateObserver.h */,
				481BFC741A5192D7001BA863 /* StateObserver.m */,
				4873CD011A55EEDD00777908 /* StateMachineArchiver.h */,
				4873CD021A55EEDD00777908 /* StateMachineArchiver.m */,
				4873CD101A55F8AF00777908 /* UniqueIDModelManagerProtocol.h */,
			);
			name = Logic;
			sourceTree = "<group>";
		};
		481BFC7C1A519A2B001BA863 /* Models */ = {
			isa = PBXGroup;
			children = (
				4873CD071A55F3D600777908 /* UniqueIDModel.h */,
				4873CD081A55F3D600777908 /* UniqueIDModel.m */,
				48D34B981A5093B60006C54B /* State.h */,
				48D34B991A5093B60006C54B /* State.m */,
				4873CD041A55F32200777908 /* StateMachine.h */,
				4873CD051A55F32200777908 /* StateMachine.m */,
				48D34B9B1A50941E0006C54B /* Transition.h */,
				48D34B9C1A50941E0006C54B /* Transition.m */,
			);
			name = Models;
			sourceTree = "<group>";
		};
		4873CD001A55EE7400777908 /* ViewControllers */ = {
			isa = PBXGroup;
			children = (
				48D34B791A5092550006C54B /* ViewController.h */,
				48D34B7A1A5092550006C54B /* ViewController.m */,
				4873CCFD1A55EE6D00777908 /* SavedStateMachinesTableViewController.h */,
				4873CCFE1A55EE6D00777908 /* SavedStateMachinesTableViewController.m */,
			);
			name = ViewControllers;
			sourceTree = "<group>";
		};
		48D34B661A5092550006C54B = {
			isa = PBXGroup;
			children = (
				48D34B711A5092550006C54B /* StateMachineDrawer */,
				48D34B8B1A5092550006C54B /* StateMachineDrawerTests */,
				48D34B701A5092550006C54B /* Products */,
				A7B31150AB50387DE97F430A /* Pods */,
				64CC30AD4AC4B0D8DA68BCF6 /* Frameworks */,
			);
			sourceTree = "<group>";
		};
		48D34B701A5092550006C54B /* Products */ = {
			isa = PBXGroup;
			children = (
				48D34B6F1A5092550006C54B /* StateMachineDrawer.app */,
				48D34B881A5092550006C54B /* StateMachineDrawerTests.xctest */,
			);
			name = Products;
			sourceTree = "<group>";
		};
		48D34B711A5092550006C54B /* StateMachineDrawer */ = {
			isa = PBXGroup;
			children = (
				48D34B761A5092550006C54B /* AppDelegate.h */,
				48D34B771A5092550006C54B /* AppDelegate.m */,
				48D527861A54A2CE00789B6F /* SMGlobals.h */,
				481BFC7C1A519A2B001BA863 /* Models */,
				481BFC791A519A0A001BA863 /* Views */,
				481BFC7B1A519A21001BA863 /* Logic */,
				4873CD001A55EE7400777908 /* ViewControllers */,
				48D34B7C1A5092550006C54B /* Main.storyboard */,
				48D34B7F1A5092550006C54B /* Images.xcassets */,
				48D34B811A5092550006C54B /* LaunchScreen.xib */,
				48D34B721A5092550006C54B /* Supporting Files */,
			);
			path = StateMachineDrawer;
			sourceTree = "<group>";
		};
		48D34B721A5092550006C54B /* Supporting Files */ = {
			isa = PBXGroup;
			children = (
				48D34B731A5092550006C54B /* Info.plist */,
				48D34B741A5092550006C54B /* main.m */,
			);
			name = "Supporting Files";
			sourceTree = "<group>";
		};
		48D34B8B1A5092550006C54B /* StateMachineDrawerTests */ = {
			isa = PBXGroup;
			children = (
				48D34B8E1A5092550006C54B /* StateMachineDrawerTests.m */,
				48D34B8C1A5092550006C54B /* Supporting Files */,
			);
			path = StateMachineDrawerTests;
			sourceTree = "<group>";
		};
		48D34B8C1A5092550006C54B /* Supporting Files */ = {
			isa = PBXGroup;
			children = (
				48D34B8D1A5092550006C54B /* Info.plist */,
			);
			name = "Supporting Files";
			sourceTree = "<group>";
		};
		64CC30AD4AC4B0D8DA68BCF6 /* Frameworks */ = {
			isa = PBXGroup;
			children = (
				F34E104BB239B02E5FDD31A1 /* libPods.a */,
			);
			name = Frameworks;
			sourceTree = "<group>";
		};
		A7B31150AB50387DE97F430A /* Pods */ = {
			isa = PBXGroup;
			children = (
				FA4912F80F94D8956276D693 /* Pods.debug.xcconfig */,
				76DE1E87AC5C244340E626A7 /* Pods.release.xcconfig */,
			);
			name = Pods;
			sourceTree = "<group>";
		};
/* End PBXGroup section */

/* Begin PBXNativeTarget section */
		48D34B6E1A5092550006C54B /* StateMachineDrawer */ = {
			isa = PBXNativeTarget;
			buildConfigurationList = 48D34B921A5092550006C54B /* Build configuration list for PBXNativeTarget "StateMachineDrawer" */;
			buildPhases = (
				29A0A54F72A77931E6BF6BCC /* Check Pods Manifest.lock */,
				48D34B6B1A5092550006C54B /* Sources */,
				48D34B6C1A5092550006C54B /* Frameworks */,
				48D34B6D1A5092550006C54B /* Resources */,
				C7E6E5A752F22CD88671D6C8 /* Copy Pods Resources */,
			);
			buildRules = (
			);
			dependencies = (
			);
			name = StateMachineDrawer;
			productName = StateMachineDrawer;
			productReference = 48D34B6F1A5092550006C54B /* StateMachineDrawer.app */;
			productType = "com.apple.product-type.application";
		};
		48D34B871A5092550006C54B /* StateMachineDrawerTests */ = {
			isa = PBXNativeTarget;
			buildConfigurationList = 48D34B951A5092550006C54B /* Build configuration list for PBXNativeTarget "StateMachineDrawerTests" */;
			buildPhases = (
				48D34B841A5092550006C54B /* Sources */,
				48D34B851A5092550006C54B /* Frameworks */,
				48D34B861A5092550006C54B /* Resources */,
			);
			buildRules = (
			);
			dependencies = (
				48D34B8A1A5092550006C54B /* PBXTargetDependency */,
			);
			name = StateMachineDrawerTests;
			productName = StateMachineDrawerTests;
			productReference = 48D34B881A5092550006C54B /* StateMachineDrawerTests.xctest */;
			productType = "com.apple.product-type.bundle.unit-test";
		};
/* End PBXNativeTarget section */

/* Begin PBXProject section */
		48D34B671A5092550006C54B /* Project object */ = {
			isa = PBXProject;
			attributes = {
				LastUpgradeCheck = 0620;
				ORGANIZATIONNAME = Feef;
				TargetAttributes = {
					48D34B6E1A5092550006C54B = {
						CreatedOnToolsVersion = 6.2;
					};
					48D34B871A5092550006C54B = {
						CreatedOnToolsVersion = 6.2;
						TestTargetID = 48D34B6E1A5092550006C54B;
					};
				};
			};
			buildConfigurationList = 48D34B6A1A5092550006C54B /* Build configuration list for PBXProject "StateMachineDrawer" */;
			compatibilityVersion = "Xcode 3.2";
			developmentRegion = English;
			hasScannedForEncodings = 0;
			knownRegions = (
				en,
				Base,
			);
			mainGroup = 48D34B661A5092550006C54B;
			productRefGroup = 48D34B701A5092550006C54B /* Products */;
			projectDirPath = "";
			projectRoot = "";
			targets = (
				48D34B6E1A5092550006C54B /* StateMachineDrawer */,
				48D34B871A5092550006C54B /* StateMachineDrawerTests */,
			);
		};
/* End PBXProject section */

/* Begin PBXResourcesBuildPhase section */
		48D34B6D1A5092550006C54B /* Resources */ = {
			isa = PBXResourcesBuildPhase;
			buildActionMask = 2147483647;
			files = (
				48D34B7E1A5092550006C54B /* Main.storyboard in Resources */,
				48D34B831A5092550006C54B /* LaunchScreen.xib in Resources */,
				48D34B801A5092550006C54B /* Images.xcassets in Resources */,
			);
			runOnlyForDeploymentPostprocessing = 0;
		};
		48D34B861A5092550006C54B /* Resources */ = {
			isa = PBXResourcesBuildPhase;
			buildActionMask = 2147483647;
			files = (
			);
			runOnlyForDeploymentPostprocessing = 0;
		};
/* End PBXResourcesBuildPhase section */

/* Begin PBXShellScriptBuildPhase section */
		29A0A54F72A77931E6BF6BCC /* Check Pods Manifest.lock */ = {
			isa = PBXShellScriptBuildPhase;
			buildActionMask = 2147483647;
			files = (
			);
			inputPaths = (
			);
			name = "Check Pods Manifest.lock";
			outputPaths = (
			);
			runOnlyForDeploymentPostprocessing = 0;
			shellPath = /bin/sh;
			shellScript = "diff \"${PODS_ROOT}/../Podfile.lock\" \"${PODS_ROOT}/Manifest.lock\" > /dev/null\nif [[ $? != 0 ]] ; then\n    cat << EOM\nerror: The sandbox is not in sync with the Podfile.lock. Run 'pod install' or update your CocoaPods installation.\nEOM\n    exit 1\nfi\n";
			showEnvVarsInLog = 0;
		};
		C7E6E5A752F22CD88671D6C8 /* Copy Pods Resources */ = {
			isa = PBXShellScriptBuildPhase;
			buildActionMask = 2147483647;
			files = (
			);
			inputPaths = (
			);
			name = "Copy Pods Resources";
			outputPaths = (
			);
			runOnlyForDeploymentPostprocessing = 0;
			shellPath = /bin/sh;
			shellScript = "\"${SRCROOT}/Pods/Target Support Files/Pods/Pods-resources.sh\"\n";
			showEnvVarsInLog = 0;
		};
/* End PBXShellScriptBuildPhase section */

/* Begin PBXSourcesBuildPhase section */
		48D34B6B1A5092550006C54B /* Sources */ = {
			isa = PBXSourcesBuildPhase;
			buildActionMask = 2147483647;
			files = (
				481BFC781A519988001BA863 /* StateMachineComponentView.m in Sources */,
				48D34BA31A50A27D0006C54B /* StateView.m in Sources */,
				481BFC6F1A518787001BA863 /* TransitionView.m in Sources */,
				481BFC751A5192D7001BA863 /* StateObserver.m in Sources */,
				48D34B7B1A5092550006C54B /* ViewController.m in Sources */,
				486354BA1A5609B7004731EA /* TextInputAlertView.m in Sources */,
				4873CD0C1A55F70200777908 /* StateManager.m in Sources */,
				4873CD061A55F32200777908 /* StateMachine.m in Sources */,
				4873CCFF1A55EE6D00777908 /* SavedStateMachinesTableViewController.m in Sources */,
				48D34B781A5092550006C54B /* AppDelegate.m in Sources */,
				48D34BA01A509CF90006C54B /* UniqueIDModelManager.m in Sources */,
				48D34B9D1A50941E0006C54B /* Transition.m in Sources */,
				4873CD091A55F3D600777908 /* UniqueIDModel.m in Sources */,
				489ADD471A54B7A900CB3096 /* SMBubbleMenuButton.m in Sources */,
				48D34B751A5092550006C54B /* main.m in Sources */,
				48D34B9A1A5093B60006C54B /* State.m in Sources */,
				4873CD031A55EEDD00777908 /* StateMachineArchiver.m in Sources */,
				4873CD0F1A55F71100777908 /* StateMachineManager.m in Sources */,
			);
			runOnlyForDeploymentPostprocessing = 0;
		};
		48D34B841A5092550006C54B /* Sources */ = {
			isa = PBXSourcesBuildPhase;
			buildActionMask = 2147483647;
			files = (
				48D34B8F1A5092550006C54B /* StateMachineDrawerTests.m in Sources */,
			);
			runOnlyForDeploymentPostprocessing = 0;
		};
/* End PBXSourcesBuildPhase section */

/* Begin PBXTargetDependency section */
		48D34B8A1A5092550006C54B /* PBXTargetDependency */ = {
			isa = PBXTargetDependency;
			target = 48D34B6E1A5092550006C54B /* StateMachineDrawer */;
			targetProxy = 48D34B891A5092550006C54B /* PBXContainerItemProxy */;
		};
/* End PBXTargetDependency section */

/* Begin PBXVariantGroup section */
		48D34B7C1A5092550006C54B /* Main.storyboard */ = {
			isa = PBXVariantGroup;
			children = (
				48D34B7D1A5092550006C54B /* Base */,
			);
			name = Main.storyboard;
			sourceTree = "<group>";
		};
		48D34B811A5092550006C54B /* LaunchScreen.xib */ = {
			isa = PBXVariantGroup;
			children = (
				48D34B821A5092550006C54B /* Base */,
			);
			name = LaunchScreen.xib;
			sourceTree = "<group>";
		};
/* End PBXVariantGroup section */

/* Begin XCBuildConfiguration section */
		48D34B901A5092550006C54B /* Debug */ = {
			isa = XCBuildConfiguration;
			buildSettings = {
				ALWAYS_SEARCH_USER_PATHS = NO;
				CLANG_CXX_LANGUAGE_STANDARD = "gnu++0x";
				CLANG_CXX_LIBRARY = "libc++";
				CLANG_ENABLE_MODULES = YES;
				CLANG_ENABLE_OBJC_ARC = YES;
				CLANG_WARN_BOOL_CONVERSION = YES;
				CLANG_WARN_CONSTANT_CONVERSION = YES;
				CLANG_WARN_DIRECT_OBJC_ISA_USAGE = YES_ERROR;
				CLANG_WARN_EMPTY_BODY = YES;
				CLANG_WARN_ENUM_CONVERSION = YES;
				CLANG_WARN_INT_CONVERSION = YES;
				CLANG_WARN_OBJC_ROOT_CLASS = YES_ERROR;
				CLANG_WARN_UNREACHABLE_CODE = YES;
				CLANG_WARN__DUPLICATE_METHOD_MATCH = YES;
				"CODE_SIGN_IDENTITY[sdk=iphoneos*]" = "iPhone Developer";
				COPY_PHASE_STRIP = NO;
				ENABLE_STRICT_OBJC_MSGSEND = YES;
				GCC_C_LANGUAGE_STANDARD = gnu99;
				GCC_DYNAMIC_NO_PIC = NO;
				GCC_OPTIMIZATION_LEVEL = 0;
				GCC_PREPROCESSOR_DEFINITIONS = (
					"DEBUG=1",
					"$(inherited)",
				);
				GCC_SYMBOLS_PRIVATE_EXTERN = NO;
				GCC_WARN_64_TO_32_BIT_CONVERSION = YES;
				GCC_WARN_ABOUT_RETURN_TYPE = YES_ERROR;
				GCC_WARN_UNDECLARED_SELECTOR = YES;
				GCC_WARN_UNINITIALIZED_AUTOS = YES_AGGRESSIVE;
				GCC_WARN_UNUSED_FUNCTION = YES;
				GCC_WARN_UNUSED_VARIABLE = YES;
				IPHONEOS_DEPLOYMENT_TARGET = 8.2;
				MTL_ENABLE_DEBUG_INFO = YES;
				ONLY_ACTIVE_ARCH = YES;
				SDKROOT = iphoneos;
				TARGETED_DEVICE_FAMILY = "1,2";
			};
			name = Debug;
		};
		48D34B911A5092550006C54B /* Release */ = {
			isa = XCBuildConfiguration;
			buildSettings = {
				ALWAYS_SEARCH_USER_PATHS = NO;
				CLANG_CXX_LANGUAGE_STANDARD = "gnu++0x";
				CLANG_CXX_LIBRARY = "libc++";
				CLANG_ENABLE_MODULES = YES;
				CLANG_ENABLE_OBJC_ARC = YES;
				CLANG_WARN_BOOL_CONVERSION = YES;
				CLANG_WARN_CONSTANT_CONVERSION = YES;
				CLANG_WARN_DIRECT_OBJC_ISA_USAGE = YES_ERROR;
				CLANG_WARN_EMPTY_BODY = YES;
				CLANG_WARN_ENUM_CONVERSION = YES;
				CLANG_WARN_INT_CONVERSION = YES;
				CLANG_WARN_OBJC_ROOT_CLASS = YES_ERROR;
				CLANG_WARN_UNREACHABLE_CODE = YES;
				CLANG_WARN__DUPLICATE_METHOD_MATCH = YES;
				"CODE_SIGN_IDENTITY[sdk=iphoneos*]" = "iPhone Developer";
				COPY_PHASE_STRIP = YES;
				ENABLE_NS_ASSERTIONS = NO;
				ENABLE_STRICT_OBJC_MSGSEND = YES;
				GCC_C_LANGUAGE_STANDARD = gnu99;
				GCC_WARN_64_TO_32_BIT_CONVERSION = YES;
				GCC_WARN_ABOUT_RETURN_TYPE = YES_ERROR;
				GCC_WARN_UNDECLARED_SELECTOR = YES;
				GCC_WARN_UNINITIALIZED_AUTOS = YES_AGGRESSIVE;
				GCC_WARN_UNUSED_FUNCTION = YES;
				GCC_WARN_UNUSED_VARIABLE = YES;
				IPHONEOS_DEPLOYMENT_TARGET = 8.2;
				MTL_ENABLE_DEBUG_INFO = NO;
				SDKROOT = iphoneos;
				TARGETED_DEVICE_FAMILY = "1,2";
				VALIDATE_PRODUCT = YES;
			};
			name = Release;
		};
		48D34B931A5092550006C54B /* Debug */ = {
			isa = XCBuildConfiguration;
			baseConfigurationReference = FA4912F80F94D8956276D693 /* Pods.debug.xcconfig */;
			buildSettings = {
				ASSETCATALOG_COMPILER_APPICON_NAME = AppIcon;
				INFOPLIST_FILE = StateMachineDrawer/Info.plist;
				LD_RUNPATH_SEARCH_PATHS = "$(inherited) @executable_path/Frameworks";
				PRODUCT_NAME = "$(TARGET_NAME)";
			};
			name = Debug;
		};
		48D34B941A5092550006C54B /* Release */ = {
			isa = XCBuildConfiguration;
			baseConfigurationReference = 76DE1E87AC5C244340E626A7 /* Pods.release.xcconfig */;
			buildSettings = {
				ASSETCATALOG_COMPILER_APPICON_NAME = AppIcon;
				INFOPLIST_FILE = StateMachineDrawer/Info.plist;
				LD_RUNPATH_SEARCH_PATHS = "$(inherited) @executable_path/Frameworks";
				PRODUCT_NAME = "$(TARGET_NAME)";
			};
			name = Release;
		};
		48D34B961A5092550006C54B /* Debug */ = {
			isa = XCBuildConfiguration;
			buildSettings = {
				BUNDLE_LOADER = "$(TEST_HOST)";
				FRAMEWORK_SEARCH_PATHS = (
					"$(SDKROOT)/Developer/Library/Frameworks",
					"$(inherited)",
				);
				GCC_PREPROCESSOR_DEFINITIONS = (
					"DEBUG=1",
					"$(inherited)",
				);
				INFOPLIST_FILE = StateMachineDrawerTests/Info.plist;
				LD_RUNPATH_SEARCH_PATHS = "$(inherited) @executable_path/Frameworks @loader_path/Frameworks";
				PRODUCT_NAME = "$(TARGET_NAME)";
				TEST_HOST = "$(BUILT_PRODUCTS_DIR)/StateMachineDrawer.app/StateMachineDrawer";
			};
			name = Debug;
		};
		48D34B971A5092550006C54B /* Release */ = {
			isa = XCBuildConfiguration;
			buildSettings = {
				BUNDLE_LOADER = "$(TEST_HOST)";
				FRAMEWORK_SEARCH_PATHS = (
					"$(SDKROOT)/Developer/Library/Frameworks",
					"$(inherited)",
				);
				INFOPLIST_FILE = StateMachineDrawerTests/Info.plist;
				LD_RUNPATH_SEARCH_PATHS = "$(inherited) @executable_path/Frameworks @loader_path/Frameworks";
				PRODUCT_NAME = "$(TARGET_NAME)";
				TEST_HOST = "$(BUILT_PRODUCTS_DIR)/StateMachineDrawer.app/StateMachineDrawer";
			};
			name = Release;
		};
/* End XCBuildConfiguration section */

/* Begin XCConfigurationList section */
		48D34B6A1A5092550006C54B /* Build configuration list for PBXProject "StateMachineDrawer" */ = {
			isa = XCConfigurationList;
			buildConfigurations = (
				48D34B901A5092550006C54B /* Debug */,
				48D34B911A5092550006C54B /* Release */,
			);
			defaultConfigurationIsVisible = 0;
			defaultConfigurationName = Release;
		};
		48D34B921A5092550006C54B /* Build configuration list for PBXNativeTarget "StateMachineDrawer" */ = {
			isa = XCConfigurationList;
			buildConfigurations = (
				48D34B931A5092550006C54B /* Debug */,
				48D34B941A5092550006C54B /* Release */,
			);
			defaultConfigurationIsVisible = 0;
			defaultConfigurationName = Release;
		};
		48D34B951A5092550006C54B /* Build configuration list for PBXNativeTarget "StateMachineDrawerTests" */ = {
			isa = XCConfigurationList;
			buildConfigurations = (
				48D34B961A5092550006C54B /* Debug */,
				48D34B971A5092550006C54B /* Release */,
			);
			defaultConfigurationIsVisible = 0;
			defaultConfigurationName = Release;
		};
/* End XCConfigurationList section */
	};
	rootObject = 48D34B671A5092550006C54B /* Project object */;
}
